
Microsoft Visual Studio Solution File, Format Version 12.00
# Visual Studio Version 16
VisualStudioVersion = 16.0.31624.102
MinimumVisualStudioVersion = 10.0.40219.1
Project("{FAE04EC0-301F-11D3-BF4B-00C04F79EFBC}") = "LibreriaComponente", "LibreriaComponente\LibreriaComponente.csproj", "{C039546A-3E74-4592-9152-A8169EFA08EE}"
EndProject
Project("{FAE04EC0-301F-11D3-BF4B-00C04F79EFBC}") = "DemoServer", "DemoServer\DemoServer.csproj", "{E89298B2-F9BB-43A5-9C3D-AC0D1765B2BA}"
EndProject
Project("{FAE04EC0-301F-11D3-BF4B-00C04F79EFBC}") = "DemoWasm", "DemoWasm\DemoWasm.csproj", "{9C1C1DEC-9FE1-4EFD-9D81-284AD695FBE2}"
EndProject
Global
	GlobalSection(SolutionConfigurationPlatforms) = preSolution
		Debug|Any CPU = Debug|Any CPU
		Release|Any CPU = Release|Any CPU
	EndGlobalSection
	GlobalSection(ProjectConfigurationPlatforms) = postSolution
		{C039546A-3E74-4592-9152-A8169EFA08EE}.Debug|Any CPU.ActiveCfg = Debug|Any CPU
		{C039546A-3E74-4592-9152-A8169EFA08EE}.Debug|Any CPU.Build.0 = Debug|Any CPU
		{C039546A-3E74-4592-9152-A8169EFA08EE}.Release|Any CPU.ActiveCfg = Release|Any CPU
		{C039546A-3E74-4592-9152-A8169EFA08EE}.Release|Any CPU.Build.0 = Release|Any CPU
		{E89298B2-F9BB-43A5-9C3D-AC0D1765B2BA}.Debug|Any CPU.ActiveCfg = Debug|Any CPU
		{E89298B2-F9BB-43A5-9C3D-AC0D1765B2BA}.Debug|Any CPU.Build.0 = Debug|Any CPU
		{E89298B2-F9BB-43A5-9C3D-AC0D1765B2BA}.Release|Any CPU.ActiveCfg = Release|Any CPU
		{E89298B2-F9BB-43A5-9C3D-AC0D1765B2BA}.Release|Any CPU.Build.0 = Release|Any CPU
		{9C1C1DEC-9FE1-4EFD-9D81-284AD695FBE2}.Debug|Any CPU.ActiveCfg = Debug|Any CPU
		{9C1C1DEC-9FE1-4EFD-9D81-284AD695FBE2}.Debug|Any CPU.Build.0 = Debug|Any CPU
		{9C1C1DEC-9FE1-4EFD-9D81-284AD695FBE2}.Release|Any CPU.ActiveCfg = Release|Any CPU
		{9C1C1DEC-9FE1-4EFD-9D81-284AD695FBE2}.Release|Any CPU.Build.0 = Release|Any CPU
	EndGlobalSection
	GlobalSection(SolutionProperties) = preSolution
		HideSolutionNode = FALSE
	EndGlobalSection
	GlobalSection(ExtensibilityGlobals) = postSolution
		SolutionGuid = {AF367C14-8584-44F2-849C-492DFCE7FAD5}
	EndGlobalSection
EndGlobal
